dependencies:
- name: kubefirst-pro-api
  repository: https://charts.konstruct.io
  version: 0.12.0
- name: kubefirst-pro-ui
  repository: https://charts.konstruct.io
  version: 0.16.0-rc.808271c
digest: sha256:58cff2bfa04a310813c2614d15dcd375e225ed2de5770a530c579f38e358f371
generated: "2025-01-16T20:30:14.2926372Z"
