dependencies:
- name: kubefirst-pro-api
  repository: https://charts.konstruct.io
  version: 0.1.0-rc.3148643
- name: kubefirst-pro-ui
  repository: https://charts.konstruct.io
  version: 0.1.0-rc.c916118
digest: sha256:8da345e9965b97766271a44496868d2de4e2a7dd8e3304b7d3dc19465de1a83a
generated: "2024-10-21T20:52:07.049763942Z"
