dependencies:
- name: kubefirst-pro-api
  repository: https://charts.konstruct.io
  version: 0.25.0
- name: kubefirst-pro-ui
  repository: https://charts.konstruct.io
  version: 0.31.0
digest: sha256:3f7190cc6aecbb097548f035438bdf3bf60baa37d47f2852be2e74260cd489ad
generated: "2026-01-31T03:42:57.370465417Z"
