dependencies:
- name: console
  repository: https://charts.kubefirst.com
  version: 2.42.0-rc.afeb442
- name: kubefirst-api
  repository: https://charts.kubefirst.com
  version: 0.73.0-rc.791cd2b
- name: kubefirst-api-ee
  repository: https://charts.kubefirst.com
  version: 0.5.0-rc.a392a3e
- name: mongodb
  repository: https://charts.bitnami.com/bitnami
  version: 13.10.3
digest: sha256:5f8ee03426be5f79ab6276fab6d5cd6f8a22c2a06fc4143a6657a34685a67f6d
generated: "2023-12-12T15:39:19.658863638Z"
