dependencies:
- name: console
  repository: https://charts.kubefirst.com
  version: 2.43.0-rc.a4a15f9
- name: kubefirst-api
  repository: https://charts.kubefirst.com
  version: 0.75.1-rc.b2f642f
- name: kubefirst-api-ee
  repository: https://charts.kubefirst.com
  version: 0.6.0-rc.424f72c
- name: mongodb
  repository: https://charts.bitnami.com/bitnami
  version: 13.10.3
digest: sha256:cea8a19d9ac9e2f85adb047c2a4dc1a7e671f32f4fd784021a49805fcff830e0
generated: "2024-01-18T19:14:33.509648628Z"
